// !$*UTF8*$!
{
	archiveVersion = 1;
	classes = {
	};
	objectVersion = 56;
	objects = {

/* Begin PBXBuildFile section */
		C27D457B298FA00A008990E0 /* Nothing2View.swift in Sources */ = {isa = PBXBuildFile; fileRef = C27D457A298FA00A008990E0 /* Nothing2View.swift */; };
		C27D457D2990B032008990E0 /* RouteInfo.swift in Sources */ = {isa = PBXBuildFile; fileRef = C27D457C2990B032008990E0 /* RouteInfo.swift */; };
		C27D45842990B35C008990E0 /* DirectionsView.swift in Sources */ = {isa = PBXBuildFile; fileRef = C27D45832990B35C008990E0 /* DirectionsView.swift */; };
		C27D458A2992EA26008990E0 /* DirectionsMapViewModel.swift in Sources */ = {isa = PBXBuildFile; fileRef = C27D45892992EA26008990E0 /* DirectionsMapViewModel.swift */; };
		C27D458C2992EAAB008990E0 /* DirectionsMapView.swift in Sources */ = {isa = PBXBuildFile; fileRef = C27D458B2992EAAB008990E0 /* DirectionsMapView.swift */; };
		C27D45922997915F008990E0 /* RouteStopsView.swift in Sources */ = {isa = PBXBuildFile; fileRef = C27D45912997915F008990E0 /* RouteStopsView.swift */; };
		C27D4594299830D1008990E0 /* seqStopInfo.swift in Sources */ = {isa = PBXBuildFile; fileRef = C27D4593299830D1008990E0 /* seqStopInfo.swift */; };
		C286AB19298A51F00031B094 /* MatchRouteInfo.swift in Sources */ = {isa = PBXBuildFile; fileRef = C286AB18298A51F00031B094 /* MatchRouteInfo.swift */; };
		C286AB1B298A9BE10031B094 /* routeAvailable.swift in Sources */ = {isa = PBXBuildFile; fileRef = C286AB1A298A9BE10031B094 /* routeAvailable.swift */; };
		C294AAD129A6325400434474 /* routePageLink.swift in Sources */ = {isa = PBXBuildFile; fileRef = C294AAD029A6325400434474 /* routePageLink.swift */; };
		C294AAD329A6629100434474 /* busETAJson.swift in Sources */ = {isa = PBXBuildFile; fileRef = C294AAD229A6629100434474 /* busETAJson.swift */; };
		C2A1062B29846D9F00895C10 /* HKBusFinder_ARApp.swift in Sources */ = {isa = PBXBuildFile; fileRef = C2A1062A29846D9F00895C10 /* HKBusFinder_ARApp.swift */; };
		C2A1062D29846D9F00895C10 /* ContentView.swift in Sources */ = {isa = PBXBuildFile; fileRef = C2A1062C29846D9F00895C10 /* ContentView.swift */; };
		C2A1062F29846DA000895C10 /* Assets.xcassets in Resources */ = {isa = PBXBuildFile; fileRef = C2A1062E29846DA000895C10 /* Assets.xcassets */; };
		C2A1063229846DA000895C10 /* Preview Assets.xcassets in Resources */ = {isa = PBXBuildFile; fileRef = C2A1063129846DA000895C10 /* Preview Assets.xcassets */; };
		C2A106392984718D00895C10 /* Home.swift in Sources */ = {isa = PBXBuildFile; fileRef = C2A106382984718D00895C10 /* Home.swift */; };
		C2A1063C2984737000895C10 /* HomeMapView.swift in Sources */ = {isa = PBXBuildFile; fileRef = C2A1063B2984737000895C10 /* HomeMapView.swift */; };
		C2A10640298473A900895C10 /* ARViewContainer.swift in Sources */ = {isa = PBXBuildFile; fileRef = C2A1063F298473A900895C10 /* ARViewContainer.swift */; };
		C2A106432984740E00895C10 /* HomeMapViewModel.swift in Sources */ = {isa = PBXBuildFile; fileRef = C2A106422984740E00895C10 /* HomeMapViewModel.swift */; };
		C2A106462984744100895C10 /* Place.swift in Sources */ = {isa = PBXBuildFile; fileRef = C2A106452984744100895C10 /* Place.swift */; };
		C2A106482984745F00895C10 /* routeCoordinates.swift in Sources */ = {isa = PBXBuildFile; fileRef = C2A106472984745F00895C10 /* routeCoordinates.swift */; };
		C2A1064C2985599C00895C10 /* RoutesSelect.swift in Sources */ = {isa = PBXBuildFile; fileRef = C2A1064B2985599C00895C10 /* RoutesSelect.swift */; };
		C2A1064E2986426000895C10 /* NothingView.swift in Sources */ = {isa = PBXBuildFile; fileRef = C2A1064D2986426000895C10 /* NothingView.swift */; };
		C2A106502986712A00895C10 /* stopsJson.swift in Sources */ = {isa = PBXBuildFile; fileRef = C2A1064F2986712A00895C10 /* stopsJson.swift */; };
		C2A106522986750500895C10 /* routeStopsJson.swift in Sources */ = {isa = PBXBuildFile; fileRef = C2A106512986750500895C10 /* routeStopsJson.swift */; };
		C2C7765329A0C18E008E3595 /* ARMapViewModel.swift in Sources */ = {isa = PBXBuildFile; fileRef = C2C7765229A0C18E008E3595 /* ARMapViewModel.swift */; };
		C2C7765529A0E668008E3595 /* ARDirectView.swift in Sources */ = {isa = PBXBuildFile; fileRef = C2C7765429A0E668008E3595 /* ARDirectView.swift */; };
		C2C7765729A14050008E3595 /* ARMapView.swift in Sources */ = {isa = PBXBuildFile; fileRef = C2C7765629A14050008E3595 /* ARMapView.swift */; };
/* End PBXBuildFile section */

/* Begin PBXFileReference section */
		C27D457A298FA00A008990E0 /* Nothing2View.swift */ = {isa = PBXFileReference; lastKnownFileType = sourcecode.swift; path = Nothing2View.swift; sourceTree = "<group>"; };
		C27D457C2990B032008990E0 /* RouteInfo.swift */ = {isa = PBXFileReference; lastKnownFileType = sourcecode.swift; path = RouteInfo.swift; sourceTree = "<group>"; };
		C27D45832990B35C008990E0 /* DirectionsView.swift */ = {isa = PBXFileReference; lastKnownFileType = sourcecode.swift; path = DirectionsView.swift; sourceTree = "<group>"; };
		C27D45892992EA26008990E0 /* DirectionsMapViewModel.swift */ = {isa = PBXFileReference; lastKnownFileType = sourcecode.swift; path = DirectionsMapViewModel.swift; sourceTree = "<group>"; };
		C27D458B2992EAAB008990E0 /* DirectionsMapView.swift */ = {isa = PBXFileReference; lastKnownFileType = sourcecode.swift; path = DirectionsMapView.swift; sourceTree = "<group>"; };
		C27D45912997915F008990E0 /* RouteStopsView.swift */ = {isa = PBXFileReference; lastKnownFileType = sourcecode.swift; path = RouteStopsView.swift; sourceTree = "<group>"; };
		C27D4593299830D1008990E0 /* seqStopInfo.swift */ = {isa = PBXFileReference; lastKnownFileType = sourcecode.swift; path = seqStopInfo.swift; sourceTree = "<group>"; };
		C286AB18298A51F00031B094 /* MatchRouteInfo.swift */ = {isa = PBXFileReference; lastKnownFileType = sourcecode.swift; path = MatchRouteInfo.swift; sourceTree = "<group>"; };
		C286AB1A298A9BE10031B094 /* routeAvailable.swift */ = {isa = PBXFileReference; lastKnownFileType = sourcecode.swift; path = routeAvailable.swift; sourceTree = "<group>"; };
		C294AACE29A37CFD00434474 /* Info.plist */ = {isa = PBXFileReference; lastKnownFileType = text.plist; path = Info.plist; sourceTree = "<group>"; };
		C294AAD029A6325400434474 /* routePageLink.swift */ = {isa = PBXFileReference; lastKnownFileType = sourcecode.swift; path = routePageLink.swift; sourceTree = "<group>"; };
		C294AAD229A6629100434474 /* busETAJson.swift */ = {isa = PBXFileReference; lastKnownFileType = sourcecode.swift; path = busETAJson.swift; sourceTree = "<group>"; };
		C2A1062729846D9E00895C10 /* HKBusFinder-AR.app */ = {isa = PBXFileReference; explicitFileType = wrapper.application; includeInIndex = 0; path = "HKBusFinder-AR.app"; sourceTree = BUILT_PRODUCTS_DIR; };
		C2A1062A29846D9F00895C10 /* HKBusFinder_ARApp.swift */ = {isa = PBXFileReference; lastKnownFileType = sourcecode.swift; path = HKBusFinder_ARApp.swift; sourceTree = "<group>"; };
		C2A1062C29846D9F00895C10 /* ContentView.swift */ = {isa = PBXFileReference; lastKnownFileType = sourcecode.swift; path = ContentView.swift; sourceTree = "<group>"; };
		C2A1062E29846DA000895C10 /* Assets.xcassets */ = {isa = PBXFileReference; lastKnownFileType = folder.assetcatalog; path = Assets.xcassets; sourceTree = "<group>"; };
		C2A1063129846DA000895C10 /* Preview Assets.xcassets */ = {isa = PBXFileReference; lastKnownFileType = folder.assetcatalog; path = "Preview Assets.xcassets"; sourceTree = "<group>"; };
		C2A106382984718D00895C10 /* Home.swift */ = {isa = PBXFileReference; lastKnownFileType = sourcecode.swift; path = Home.swift; sourceTree = "<group>"; };
		C2A1063B2984737000895C10 /* HomeMapView.swift */ = {isa = PBXFileReference; lastKnownFileType = sourcecode.swift; path = HomeMapView.swift; sourceTree = "<group>"; };
		C2A1063F298473A900895C10 /* ARViewContainer.swift */ = {isa = PBXFileReference; lastKnownFileType = sourcecode.swift; path = ARViewContainer.swift; sourceTree = "<group>"; };
		C2A106422984740E00895C10 /* HomeMapViewModel.swift */ = {isa = PBXFileReference; lastKnownFileType = sourcecode.swift; path = HomeMapViewModel.swift; sourceTree = "<group>"; };
		C2A106452984744100895C10 /* Place.swift */ = {isa = PBXFileReference; lastKnownFileType = sourcecode.swift; path = Place.swift; sourceTree = "<group>"; };
		C2A106472984745F00895C10 /* routeCoordinates.swift */ = {isa = PBXFileReference; lastKnownFileType = sourcecode.swift; path = routeCoordinates.swift; sourceTree = "<group>"; };
		C2A1064B2985599C00895C10 /* RoutesSelect.swift */ = {isa = PBXFileReference; lastKnownFileType = sourcecode.swift; path = RoutesSelect.swift; sourceTree = "<group>"; };
		C2A1064D2986426000895C10 /* NothingView.swift */ = {isa = PBXFileReference; lastKnownFileType = sourcecode.swift; path = NothingView.swift; sourceTree = "<group>"; };
		C2A1064F2986712A00895C10 /* stopsJson.swift */ = {isa = PBXFileReference; lastKnownFileType = sourcecode.swift; path = stopsJson.swift; sourceTree = "<group>"; };
		C2A106512986750500895C10 /* routeStopsJson.swift */ = {isa = PBXFileReference; lastKnownFileType = sourcecode.swift; path = routeStopsJson.swift; sourceTree = "<group>"; };
		C2C7765229A0C18E008E3595 /* ARMapViewModel.swift */ = {isa = PBXFileReference; lastKnownFileType = sourcecode.swift; path = ARMapViewModel.swift; sourceTree = "<group>"; };
		C2C7765429A0E668008E3595 /* ARDirectView.swift */ = {isa = PBXFileReference; lastKnownFileType = sourcecode.swift; path = ARDirectView.swift; sourceTree = "<group>"; };
		C2C7765629A14050008E3595 /* ARMapView.swift */ = {isa = PBXFileReference; lastKnownFileType = sourcecode.swift; path = ARMapView.swift; sourceTree = "<group>"; };
/* End PBXFileReference section */

/* Begin PBXFrameworksBuildPhase section */
		C2A1062429846D9E00895C10 /* Frameworks */ = {
			isa = PBXFrameworksBuildPhase;
			buildActionMask = 2147483647;
			files = (
			);
			runOnlyForDeploymentPostprocessing = 0;
		};
/* End PBXFrameworksBuildPhase section */

/* Begin PBXGroup section */
		C27D457E2990B304008990E0 /* Views-RouteInfo */ = {
			isa = PBXGroup;
			children = (
				C27D457C2990B032008990E0 /* RouteInfo.swift */,
				C27D458D299790A8008990E0 /* Directions */,
				C27D458E299790EF008990E0 /* Route-Stops */,
				C2C7764F29A0033E008E3595 /* AR-Direct */,
			);
			path = "Views-RouteInfo";
			sourceTree = "<group>";
		};
		C27D458D299790A8008990E0 /* Directions */ = {
			isa = PBXGroup;
			children = (
				C27D45832990B35C008990E0 /* DirectionsView.swift */,
				C27D458B2992EAAB008990E0 /* DirectionsMapView.swift */,
			);
			path = Directions;
			sourceTree = "<group>";
		};
		C27D458E299790EF008990E0 /* Route-Stops */ = {
			isa = PBXGroup;
			children = (
				C27D45912997915F008990E0 /* RouteStopsView.swift */,
			);
			path = "Route-Stops";
			sourceTree = "<group>";
		};
		C294AACF29A6322800434474 /* Views-RoutesSelect */ = {
			isa = PBXGroup;
			children = (
				C2A1064B2985599C00895C10 /* RoutesSelect.swift */,
				C294AAD029A6325400434474 /* routePageLink.swift */,
			);
			path = "Views-RoutesSelect";
			sourceTree = "<group>";
		};
		C2A1061E29846D9E00895C10 = {
			isa = PBXGroup;
			children = (
				C2A1062929846D9E00895C10 /* HKBusFinder-AR */,
				C2A1062829846D9E00895C10 /* Products */,
			);
			sourceTree = "<group>";
		};
		C2A1062829846D9E00895C10 /* Products */ = {
			isa = PBXGroup;
			children = (
				C2A1062729846D9E00895C10 /* HKBusFinder-AR.app */,
			);
			name = Products;
			sourceTree = "<group>";
		};
		C2A1062929846D9E00895C10 /* HKBusFinder-AR */ = {
			isa = PBXGroup;
			children = (
				C294AACE29A37CFD00434474 /* Info.plist */,
				C2A1062A29846D9F00895C10 /* HKBusFinder_ARApp.swift */,
				C2A1062C29846D9F00895C10 /* ContentView.swift */,
				C2A1063A2984735D00895C10 /* View */,
				C2A10641298473D900895C10 /* ViewModel */,
				C2A106442984742F00895C10 /* Struct&Class */,
				C2A1062E29846DA000895C10 /* Assets.xcassets */,
				C2A1063029846DA000895C10 /* Preview Content */,
			);
			path = "HKBusFinder-AR";
			sourceTree = "<group>";
		};
		C2A1063029846DA000895C10 /* Preview Content */ = {
			isa = PBXGroup;
			children = (
				C2A1063129846DA000895C10 /* Preview Assets.xcassets */,
			);
			path = "Preview Content";
			sourceTree = "<group>";
		};
		C2A1063A2984735D00895C10 /* View */ = {
			isa = PBXGroup;
			children = (
				C2A106382984718D00895C10 /* Home.swift */,
				C2A1063B2984737000895C10 /* HomeMapView.swift */,
				C294AACF29A6322800434474 /* Views-RoutesSelect */,
				C27D457E2990B304008990E0 /* Views-RouteInfo */,
				C2A1064D2986426000895C10 /* NothingView.swift */,
				C27D457A298FA00A008990E0 /* Nothing2View.swift */,
			);
			path = View;
			sourceTree = "<group>";
		};
		C2A10641298473D900895C10 /* ViewModel */ = {
			isa = PBXGroup;
			children = (
				C2A106422984740E00895C10 /* HomeMapViewModel.swift */,
				C27D45892992EA26008990E0 /* DirectionsMapViewModel.swift */,
				C2C7765229A0C18E008E3595 /* ARMapViewModel.swift */,
			);
			path = ViewModel;
			sourceTree = "<group>";
		};
		C2A106442984742F00895C10 /* Struct&Class */ = {
			isa = PBXGroup;
			children = (
				C2A106452984744100895C10 /* Place.swift */,
				C2A106472984745F00895C10 /* routeCoordinates.swift */,
				C2A1064F2986712A00895C10 /* stopsJson.swift */,
				C2A106512986750500895C10 /* routeStopsJson.swift */,
				C294AAD229A6629100434474 /* busETAJson.swift */,
				C27D4593299830D1008990E0 /* seqStopInfo.swift */,
				C286AB1A298A9BE10031B094 /* routeAvailable.swift */,
				C286AB18298A51F00031B094 /* MatchRouteInfo.swift */,
			);
			path = "Struct&Class";
			sourceTree = "<group>";
		};
		C2C7764F29A0033E008E3595 /* AR-Direct */ = {
			isa = PBXGroup;
			children = (
				C2C7765429A0E668008E3595 /* ARDirectView.swift */,
				C2A1063F298473A900895C10 /* ARViewContainer.swift */,
				C2C7765629A14050008E3595 /* ARMapView.swift */,
			);
			path = "AR-Direct";
			sourceTree = "<group>";
		};
/* End PBXGroup section */

/* Begin PBXNativeTarget section */
		C2A1062629846D9E00895C10 /* HKBusFinder-AR */ = {
			isa = PBXNativeTarget;
			buildConfigurationList = C2A1063529846DA000895C10 /* Build configuration list for PBXNativeTarget "HKBusFinder-AR" */;
			buildPhases = (
				C2A1062329846D9E00895C10 /* Sources */,
				C2A1062429846D9E00895C10 /* Frameworks */,
				C2A1062529846D9E00895C10 /* Resources */,
			);
			buildRules = (
			);
			dependencies = (
			);
			name = "HKBusFinder-AR";
			productName = "HKBusFinder-AR";
			productReference = C2A1062729846D9E00895C10 /* HKBusFinder-AR.app */;
			productType = "com.apple.product-type.application";
		};
/* End PBXNativeTarget section */

/* Begin PBXProject section */
		C2A1061F29846D9E00895C10 /* Project object */ = {
			isa = PBXProject;
			attributes = {
				BuildIndependentTargetsInParallel = 1;
				LastSwiftUpdateCheck = 1420;
				LastUpgradeCheck = 1420;
				TargetAttributes = {
					C2A1062629846D9E00895C10 = {
						CreatedOnToolsVersion = 14.2;
					};
				};
			};
			buildConfigurationList = C2A1062229846D9E00895C10 /* Build configuration list for PBXProject "HKBusFinder-AR" */;
			compatibilityVersion = "Xcode 14.0";
			developmentRegion = en;
			hasScannedForEncodings = 0;
			knownRegions = (
				en,
				Base,
			);
			mainGroup = C2A1061E29846D9E00895C10;
			productRefGroup = C2A1062829846D9E00895C10 /* Products */;
			projectDirPath = "";
			projectRoot = "";
			targets = (
				C2A1062629846D9E00895C10 /* HKBusFinder-AR */,
			);
		};
/* End PBXProject section */

/* Begin PBXResourcesBuildPhase section */
		C2A1062529846D9E00895C10 /* Resources */ = {
			isa = PBXResourcesBuildPhase;
			buildActionMask = 2147483647;
			files = (
				C2A1063229846DA000895C10 /* Preview Assets.xcassets in Resources */,
				C2A1062F29846DA000895C10 /* Assets.xcassets in Resources */,
			);
			runOnlyForDeploymentPostprocessing = 0;
		};
/* End PBXResourcesBuildPhase section */

/* Begin PBXSourcesBuildPhase section */
		C2A1062329846D9E00895C10 /* Sources */ = {
			isa = PBXSourcesBuildPhase;
			buildActionMask = 2147483647;
			files = (
				C2A1062D29846D9F00895C10 /* ContentView.swift in Sources */,
				C27D457B298FA00A008990E0 /* Nothing2View.swift in Sources */,
				C27D4594299830D1008990E0 /* seqStopInfo.swift in Sources */,
				C27D458A2992EA26008990E0 /* DirectionsMapViewModel.swift in Sources */,
				C27D45842990B35C008990E0 /* DirectionsView.swift in Sources */,
				C2A106502986712A00895C10 /* stopsJson.swift in Sources */,
				C2A1063C2984737000895C10 /* HomeMapView.swift in Sources */,
				C27D457D2990B032008990E0 /* RouteInfo.swift in Sources */,
				C294AAD129A6325400434474 /* routePageLink.swift in Sources */,
				C2C7765329A0C18E008E3595 /* ARMapViewModel.swift in Sources */,
				C27D458C2992EAAB008990E0 /* DirectionsMapView.swift in Sources */,
				C2A106392984718D00895C10 /* Home.swift in Sources */,
				C2A106462984744100895C10 /* Place.swift in Sources */,
				C2A10640298473A900895C10 /* ARViewContainer.swift in Sources */,
				C2C7765529A0E668008E3595 /* ARDirectView.swift in Sources */,
				C2A106482984745F00895C10 /* routeCoordinates.swift in Sources */,
				C27D45922997915F008990E0 /* RouteStopsView.swift in Sources */,
				C2A1064E2986426000895C10 /* NothingView.swift in Sources */,
				C2A106432984740E00895C10 /* HomeMapViewModel.swift in Sources */,
				C2A1064C2985599C00895C10 /* RoutesSelect.swift in Sources */,
				C2A106522986750500895C10 /* routeStopsJson.swift in Sources */,
				C294AAD329A6629100434474 /* busETAJson.swift in Sources */,
				C286AB19298A51F00031B094 /* MatchRouteInfo.swift in Sources */,
				C2A1062B29846D9F00895C10 /* HKBusFinder_ARApp.swift in Sources */,
				C2C7765729A14050008E3595 /* ARMapView.swift in Sources */,
				C286AB1B298A9BE10031B094 /* routeAvailable.swift in Sources */,
			);
			runOnlyForDeploymentPostprocessing = 0;
		};
/* End PBXSourcesBuildPhase section */

/* Begin XCBuildConfiguration section */
		C2A1063329846DA000895C10 /* Debug */ = {
			isa = XCBuildConfiguration;
			buildSettings = {
				ALWAYS_SEARCH_USER_PATHS = NO;
				CLANG_ANALYZER_NONNULL = YES;
				CLANG_ANALYZER_NUMBER_OBJECT_CONVERSION = YES_AGGRESSIVE;
				CLANG_CXX_LANGUAGE_STANDARD = "gnu++20";
				CLANG_ENABLE_MODULES = YES;
				CLANG_ENABLE_OBJC_ARC = YES;
				CLANG_ENABLE_OBJC_WEAK = YES;
				CLANG_WARN_BLOCK_CAPTURE_AUTORELEASING = YES;
				CLANG_WARN_BOOL_CONVERSION = YES;
				CLANG_WARN_COMMA = YES;
				CLANG_WARN_CONSTANT_CONVERSION = YES;
				CLANG_WARN_DEPRECATED_OBJC_IMPLEMENTATIONS = YES;
				CLANG_WARN_DIRECT_OBJC_ISA_USAGE = YES_ERROR;
				CLANG_WARN_DOCUMENTATION_COMMENTS = YES;
				CLANG_WARN_EMPTY_BODY = YES;
				CLANG_WARN_ENUM_CONVERSION = YES;
				CLANG_WARN_INFINITE_RECURSION = YES;
				CLANG_WARN_INT_CONVERSION = YES;
				CLANG_WARN_NON_LITERAL_NULL_CONVERSION = YES;
				CLANG_WARN_OBJC_IMPLICIT_RETAIN_SELF = YES;
				CLANG_WARN_OBJC_LITERAL_CONVERSION = YES;
				CLANG_WARN_OBJC_ROOT_CLASS = YES_ERROR;
				CLANG_WARN_QUOTED_INCLUDE_IN_FRAMEWORK_HEADER = YES;
				CLANG_WARN_RANGE_LOOP_ANALYSIS = YES;
				CLANG_WARN_STRICT_PROTOTYPES = YES;
				CLANG_WARN_SUSPICIOUS_MOVE = YES;
				CLANG_WARN_UNGUARDED_AVAILABILITY = YES_AGGRESSIVE;
				CLANG_WARN_UNREACHABLE_CODE = YES;
				CLANG_WARN__DUPLICATE_METHOD_MATCH = YES;
				COPY_PHASE_STRIP = NO;
				DEBUG_INFORMATION_FORMAT = dwarf;
				ENABLE_STRICT_OBJC_MSGSEND = YES;
				ENABLE_TESTABILITY = YES;
				GCC_C_LANGUAGE_STANDARD = gnu11;
				GCC_DYNAMIC_NO_PIC = NO;
				GCC_NO_COMMON_BLOCKS = YES;
				GCC_OPTIMIZATION_LEVEL = 0;
				GCC_PREPROCESSOR_DEFINITIONS = (
					"DEBUG=1",
					"$(inherited)",
				);
				GCC_WARN_64_TO_32_BIT_CONVERSION = YES;
				GCC_WARN_ABOUT_RETURN_TYPE = YES_ERROR;
				GCC_WARN_UNDECLARED_SELECTOR = YES;
				GCC_WARN_UNINITIALIZED_AUTOS = YES_AGGRESSIVE;
				GCC_WARN_UNUSED_FUNCTION = YES;
				GCC_WARN_UNUSED_VARIABLE = YES;
				IPHONEOS_DEPLOYMENT_TARGET = 16.2;
				MTL_ENABLE_DEBUG_INFO = INCLUDE_SOURCE;
				MTL_FAST_MATH = YES;
				ONLY_ACTIVE_ARCH = YES;
				SDKROOT = iphoneos;
				SWIFT_ACTIVE_COMPILATION_CONDITIONS = DEBUG;
				SWIFT_OPTIMIZATION_LEVEL = "-Onone";
			};
			name = Debug;
		};
		C2A1063429846DA000895C10 /* Release */ = {
			isa = XCBuildConfiguration;
			buildSettings = {
				ALWAYS_SEARCH_USER_PATHS = NO;
				CLANG_ANALYZER_NONNULL = YES;
				CLANG_ANALYZER_NUMBER_OBJECT_CONVERSION = YES_AGGRESSIVE;
				CLANG_CXX_LANGUAGE_STANDARD = "gnu++20";
				CLANG_ENABLE_MODULES = YES;
				CLANG_ENABLE_OBJC_ARC = YES;
				CLANG_ENABLE_OBJC_WEAK = YES;
				CLANG_WARN_BLOCK_CAPTURE_AUTORELEASING = YES;
				CLANG_WARN_BOOL_CONVERSION = YES;
				CLANG_WARN_COMMA = YES;
				CLANG_WARN_CONSTANT_CONVERSION = YES;
				CLANG_WARN_DEPRECATED_OBJC_IMPLEMENTATIONS = YES;
				CLANG_WARN_DIRECT_OBJC_ISA_USAGE = YES_ERROR;
				CLANG_WARN_DOCUMENTATION_COMMENTS = YES;
				CLANG_WARN_EMPTY_BODY = YES;
				CLANG_WARN_ENUM_CONVERSION = YES;
				CLANG_WARN_INFINITE_RECURSION = YES;
				CLANG_WARN_INT_CONVERSION = YES;
				CLANG_WARN_NON_LITERAL_NULL_CONVERSION = YES;
				CLANG_WARN_OBJC_IMPLICIT_RETAIN_SELF = YES;
				CLANG_WARN_OBJC_LITERAL_CONVERSION = YES;
				CLANG_WARN_OBJC_ROOT_CLASS = YES_ERROR;
				CLANG_WARN_QUOTED_INCLUDE_IN_FRAMEWORK_HEADER = YES;
				CLANG_WARN_RANGE_LOOP_ANALYSIS = YES;
				CLANG_WARN_STRICT_PROTOTYPES = YES;
				CLANG_WARN_SUSPICIOUS_MOVE = YES;
				CLANG_WARN_UNGUARDED_AVAILABILITY = YES_AGGRESSIVE;
				CLANG_WARN_UNREACHABLE_CODE = YES;
				CLANG_WARN__DUPLICATE_METHOD_MATCH = YES;
				COPY_PHASE_STRIP = NO;
				DEBUG_INFORMATION_FORMAT = "dwarf-with-dsym";
				ENABLE_NS_ASSERTIONS = NO;
				ENABLE_STRICT_OBJC_MSGSEND = YES;
				GCC_C_LANGUAGE_STANDARD = gnu11;
				GCC_NO_COMMON_BLOCKS = YES;
				GCC_WARN_64_TO_32_BIT_CONVERSION = YES;
				GCC_WARN_ABOUT_RETURN_TYPE = YES_ERROR;
				GCC_WARN_UNDECLARED_SELECTOR = YES;
				GCC_WARN_UNINITIALIZED_AUTOS = YES_AGGRESSIVE;
				GCC_WARN_UNUSED_FUNCTION = YES;
				GCC_WARN_UNUSED_VARIABLE = YES;
				IPHONEOS_DEPLOYMENT_TARGET = 16.2;
				MTL_ENABLE_DEBUG_INFO = NO;
				MTL_FAST_MATH = YES;
				SDKROOT = iphoneos;
				SWIFT_COMPILATION_MODE = wholemodule;
				SWIFT_OPTIMIZATION_LEVEL = "-O";
				VALIDATE_PRODUCT = YES;
			};
			name = Release;
		};
		C2A1063629846DA000895C10 /* Debug */ = {
			isa = XCBuildConfiguration;
			buildSettings = {
				ASSETCATALOG_COMPILER_APPICON_NAME = AppIcon;
				ASSETCATALOG_COMPILER_GLOBAL_ACCENT_COLOR_NAME = AccentColor;
				CODE_SIGN_STYLE = Automatic;
				CURRENT_PROJECT_VERSION = 1;
				DEVELOPMENT_ASSET_PATHS = "\"HKBusFinder-AR/Preview Content\"";
				DEVELOPMENT_TEAM = HB572RL25G;
				ENABLE_PREVIEWS = YES;
				GENERATE_INFOPLIST_FILE = YES;
				INFOPLIST_FILE = "HKBusFinder-AR/Info.plist";
				INFOPLIST_KEY_NSCameraUsageDescription = "Enable for AR Feature";
				INFOPLIST_KEY_NSLocationWhenInUseUsageDescription = "Enable for Live Location";
				INFOPLIST_KEY_UIApplicationSceneManifest_Generation = YES;
				INFOPLIST_KEY_UIApplicationSupportsIndirectInputEvents = YES;
				INFOPLIST_KEY_UILaunchScreen_Generation = YES;
				INFOPLIST_KEY_UISupportedInterfaceOrientations_iPad = "UIInterfaceOrientationPortrait UIInterfaceOrientationPortraitUpsideDown UIInterfaceOrientationLandscapeLeft UIInterfaceOrientationLandscapeRight";
				INFOPLIST_KEY_UISupportedInterfaceOrientations_iPhone = "UIInterfaceOrientationPortrait UIInterfaceOrientationLandscapeLeft UIInterfaceOrientationLandscapeRight";
				LD_RUNPATH_SEARCH_PATHS = (
					"$(inherited)",
					"@executable_path/Frameworks",
				);
				MARKETING_VERSION = 1.0;
				PRODUCT_BUNDLE_IDENTIFIER = "com.JohnL.HKBusFinder-AR";
				PRODUCT_NAME = "$(TARGET_NAME)";
				SWIFT_EMIT_LOC_STRINGS = YES;
				SWIFT_VERSION = 5.0;
				TARGETED_DEVICE_FAMILY = "1,2";
			};
			name = Debug;
		};
		C2A1063729846DA000895C10 /* Release */ = {
			isa = XCBuildConfiguration;
			buildSettings = {
				ASSETCATALOG_COMPILER_APPICON_NAME = AppIcon;
				ASSETCATALOG_COMPILER_GLOBAL_ACCENT_COLOR_NAME = AccentColor;
				CODE_SIGN_STYLE = Automatic;
				CURRENT_PROJECT_VERSION = 1;
				DEVELOPMENT_ASSET_PATHS = "\"HKBusFinder-AR/Preview Content\"";
				DEVELOPMENT_TEAM = HB572RL25G;
				ENABLE_PREVIEWS = YES;
				GENERATE_INFOPLIST_FILE = YES;
				INFOPLIST_FILE = "HKBusFinder-AR/Info.plist";
				INFOPLIST_KEY_NSCameraUsageDescription = "Enable for AR Feature";
				INFOPLIST_KEY_NSLocationWhenInUseUsageDescription = "Enable for Live Location";
				INFOPLIST_KEY_UIApplicationSceneManifest_Generation = YES;
				INFOPLIST_KEY_UIApplicationSupportsIndirectInputEvents = YES;
				INFOPLIST_KEY_UILaunchScreen_Generation = YES;
				INFOPLIST_KEY_UISupportedInterfaceOrientations_iPad = "UIInterfaceOrientationPortrait UIInterfaceOrientationPortraitUpsideDown UIInterfaceOrientationLandscapeLeft UIInterfaceOrientationLandscapeRight";
				INFOPLIST_KEY_UISupportedInterfaceOrientations_iPhone = "UIInterfaceOrientationPortrait UIInterfaceOrientationLandscapeLeft UIInterfaceOrientationLandscapeRight";
				LD_RUNPATH_SEARCH_PATHS = (
					"$(inherited)",
					"@executable_path/Frameworks",
				);
				MARKETING_VERSION = 1.0;
				PRODUCT_BUNDLE_IDENTIFIER = "com.JohnL.HKBusFinder-AR";
				PRODUCT_NAME = "$(TARGET_NAME)";
				SWIFT_EMIT_LOC_STRINGS = YES;
				SWIFT_VERSION = 5.0;
				TARGETED_DEVICE_FAMILY = "1,2";
			};
			name = Release;
		};
/* End XCBuildConfiguration section */

/* Begin XCConfigurationList section */
		C2A1062229846D9E00895C10 /* Build configuration list for PBXProject "HKBusFinder-AR" */ = {
			isa = XCConfigurationList;
			buildConfigurations = (
				C2A1063329846DA000895C10 /* Debug */,
				C2A1063429846DA000895C10 /* Release */,
			);
			defaultConfigurationIsVisible = 0;
			defaultConfigurationName = Release;
		};
		C2A1063529846DA000895C10 /* Build configuration list for PBXNativeTarget "HKBusFinder-AR" */ = {
			isa = XCConfigurationList;
			buildConfigurations = (
				C2A1063629846DA000895C10 /* Debug */,
				C2A1063729846DA000895C10 /* Release */,
			);
			defaultConfigurationIsVisible = 0;
			defaultConfigurationName = Release;
		};
/* End XCConfigurationList section */
	};
	rootObject = C2A1061F29846D9E00895C10 /* Project object */;
}
